
Microsoft Visual Studio Solution File, Format Version 12.00
# Visual Studio Version 17
VisualStudioVersion = 17.8.34330.188
MinimumVisualStudioVersion = 10.0.40219.1
Project("{8BC9CEB8-8B4A-11D0-8D11-00A0C91BC942}") = "PK LAB1", "PK LAB1\PK LAB1.vcxproj", "{606EC71B-0BDE-4547-881E-F86B09659618}"
EndProject
Global
	GlobalSection(SolutionConfigurationPlatforms) = preSolution
		Debug|x64 = Debug|x64
		Debug|x86 = Debug|x86
		Release|x64 = Release|x64
		Release|x86 = Release|x86
	EndGlobalSection
	GlobalSection(ProjectConfigurationPlatforms) = postSolution
		{606EC71B-0BDE-4547-881E-F86B09659618}.Debug|x64.ActiveCfg = Debug|x64
		{606EC71B-0BDE-4547-881E-F86B09659618}.Debug|x64.Build.0 = Debug|x64
		{606EC71B-0BDE-4547-881E-F86B09659618}.Debug|x86.ActiveCfg = Debug|Win32
		{606EC71B-0BDE-4547-881E-F86B09659618}.Debug|x86.Build.0 = Debug|Win32
		{606EC71B-0BDE-4547-881E-F86B09659618}.Release|x64.ActiveCfg = Release|x64
		{606EC71B-0BDE-4547-881E-F86B09659618}.Release|x64.Build.0 = Release|x64
		{606EC71B-0BDE-4547-881E-F86B09659618}.Release|x86.ActiveCfg = Release|Win32
		{606EC71B-0BDE-4547-881E-F86B09659618}.Release|x86.Build.0 = Release|Win32
	EndGlobalSection
	GlobalSection(SolutionProperties) = preSolution
		HideSolutionNode = FALSE
	EndGlobalSection
	GlobalSection(ExtensibilityGlobals) = postSolution
		SolutionGuid = {B12B92B8-6E6E-4C76-AE80-33AA281B4E95}
	EndGlobalSection
EndGlobal
